// !$*UTF8*$!
{
	archiveVersion = 1;
	classes = {
	};
	objectVersion = 56;
	objects = {

/* Begin PBXBuildFile section */
		B11042DE2BD103BF00E4C148 /* AppFeature.swift in Sources */ = {isa = PBXBuildFile; fileRef = B12F636F2BCF6675005FA342 /* AppFeature.swift */; };
		B11042DF2BD1053700E4C148 /* CounterView.swift in Sources */ = {isa = PBXBuildFile; fileRef = B18EC7002BCD23A300604DA5 /* CounterView.swift */; };
		B12F63702BCF6675005FA342 /* AppFeature.swift in Sources */ = {isa = PBXBuildFile; fileRef = B12F636F2BCF6675005FA342 /* AppFeature.swift */; };
		B18EC6FD2BCD216E00604DA5 /* ComposableArchitecture in Frameworks */ = {isa = PBXBuildFile; productRef = B18EC6FC2BCD216E00604DA5 /* ComposableArchitecture */; };
		B18EC6FF2BCD21B100604DA5 /* CounterFeature.swift in Sources */ = {isa = PBXBuildFile; fileRef = B18EC6FE2BCD21B100604DA5 /* CounterFeature.swift */; };
		B18EC7012BCD23A300604DA5 /* CounterView.swift in Sources */ = {isa = PBXBuildFile; fileRef = B18EC7002BCD23A300604DA5 /* CounterView.swift */; };
		B1B9FF292BCE4BF60099BD37 /* CounterFeatureTests.swift in Sources */ = {isa = PBXBuildFile; fileRef = B1B9FEE12BCE2ABE0099BD37 /* CounterFeatureTests.swift */; };
		B1B9FF2A2BCE4CE20099BD37 /* CounterFeature.swift in Sources */ = {isa = PBXBuildFile; fileRef = B18EC6FE2BCD21B100604DA5 /* CounterFeature.swift */; };
		B1B9FF2D2BCE4D360099BD37 /* ComposableArchitecture in Frameworks */ = {isa = PBXBuildFile; productRef = B1B9FF2C2BCE4D360099BD37 /* ComposableArchitecture */; };
		B1B9FF312BCE57940099BD37 /* NumberFactClient.swift in Sources */ = {isa = PBXBuildFile; fileRef = B1B9FF302BCE57940099BD37 /* NumberFactClient.swift */; };
		B1B9FF322BCE5B300099BD37 /* NumberFactClient.swift in Sources */ = {isa = PBXBuildFile; fileRef = B1B9FF302BCE57940099BD37 /* NumberFactClient.swift */; };
		B1DA84072BC939560009F61D /* TCA_demoApp.swift in Sources */ = {isa = PBXBuildFile; fileRef = B1DA84062BC939560009F61D /* TCA_demoApp.swift */; };
		B1DA840B2BC939580009F61D /* Assets.xcassets in Resources */ = {isa = PBXBuildFile; fileRef = B1DA840A2BC939580009F61D /* Assets.xcassets */; };
		B1DA840E2BC939580009F61D /* Preview Assets.xcassets in Resources */ = {isa = PBXBuildFile; fileRef = B1DA840D2BC939580009F61D /* Preview Assets.xcassets */; };
/* End PBXBuildFile section */

/* Begin PBXContainerItemProxy section */
		B1B9FF242BCE4BEA0099BD37 /* PBXContainerItemProxy */ = {
			isa = PBXContainerItemProxy;
			containerPortal = B1DA83FB2BC939560009F61D /* Project object */;
			proxyType = 1;
			remoteGlobalIDString = B1DA84022BC939560009F61D;
			remoteInfo = TCA_demo;
		};
/* End PBXContainerItemProxy section */

/* Begin PBXFileReference section */
		B12F636F2BCF6675005FA342 /* AppFeature.swift */ = {isa = PBXFileReference; lastKnownFileType = sourcecode.swift; path = AppFeature.swift; sourceTree = "<group>"; };
		B18EC6FE2BCD21B100604DA5 /* CounterFeature.swift */ = {isa = PBXFileReference; lastKnownFileType = sourcecode.swift; path = CounterFeature.swift; sourceTree = "<group>"; };
		B18EC7002BCD23A300604DA5 /* CounterView.swift */ = {isa = PBXFileReference; lastKnownFileType = sourcecode.swift; path = CounterView.swift; sourceTree = "<group>"; };
		B1B9FEE12BCE2ABE0099BD37 /* CounterFeatureTests.swift */ = {isa = PBXFileReference; lastKnownFileType = sourcecode.swift; path = CounterFeatureTests.swift; sourceTree = "<group>"; };
		B1B9FF1E2BCE4BEA0099BD37 /* TCA_demoUITests.xctest */ = {isa = PBXFileReference; explicitFileType = wrapper.cfbundle; includeInIndex = 0; path = TCA_demoUITests.xctest; sourceTree = BUILT_PRODUCTS_DIR; };
		B1B9FF302BCE57940099BD37 /* NumberFactClient.swift */ = {isa = PBXFileReference; lastKnownFileType = sourcecode.swift; path = NumberFactClient.swift; sourceTree = "<group>"; };
		B1D77A502BCD339600CBA40F /* TCA-demo-Info.plist */ = {isa = PBXFileReference; lastKnownFileType = text.plist; path = "TCA-demo-Info.plist"; sourceTree = SOURCE_ROOT; };
		B1DA84032BC939560009F61D /* TCA_demo.app */ = {isa = PBXFileReference; explicitFileType = wrapper.application; includeInIndex = 0; path = TCA_demo.app; sourceTree = BUILT_PRODUCTS_DIR; };
		B1DA84062BC939560009F61D /* TCA_demoApp.swift */ = {isa = PBXFileReference; lastKnownFileType = sourcecode.swift; path = TCA_demoApp.swift; sourceTree = "<group>"; };
		B1DA840A2BC939580009F61D /* Assets.xcassets */ = {isa = PBXFileReference; lastKnownFileType = folder.assetcatalog; path = Assets.xcassets; sourceTree = "<group>"; };
		B1DA840D2BC939580009F61D /* Preview Assets.xcassets */ = {isa = PBXFileReference; lastKnownFileType = folder.assetcatalog; path = "Preview Assets.xcassets"; sourceTree = "<group>"; };
/* End PBXFileReference section */

/* Begin PBXFrameworksBuildPhase section */
		B1B9FF1B2BCE4BEA0099BD37 /* Frameworks */ = {
			isa = PBXFrameworksBuildPhase;
			buildActionMask = 2147483647;
			files = (
				B1B9FF2D2BCE4D360099BD37 /* ComposableArchitecture in Frameworks */,
			);
			runOnlyForDeploymentPostprocessing = 0;
		};
		B1DA84002BC939560009F61D /* Frameworks */ = {
			isa = PBXFrameworksBuildPhase;
			buildActionMask = 2147483647;
			files = (
				B18EC6FD2BCD216E00604DA5 /* ComposableArchitecture in Frameworks */,
			);
			runOnlyForDeploymentPostprocessing = 0;
		};
/* End PBXFrameworksBuildPhase section */

/* Begin PBXGroup section */
		B1B9FF1F2BCE4BEA0099BD37 /* TCA_demoTests */ = {
			isa = PBXGroup;
			children = (
				B1B9FEE12BCE2ABE0099BD37 /* CounterFeatureTests.swift */,
			);
			path = TCA_demoTests;
			sourceTree = "<group>";
		};
		B1B9FF2B2BCE4D360099BD37 /* Frameworks */ = {
			isa = PBXGroup;
			children = (
			);
			name = Frameworks;
			sourceTree = "<group>";
		};
		B1DA83FA2BC939560009F61D = {
			isa = PBXGroup;
			children = (
				B1DA84052BC939560009F61D /* TCA_demo */,
				B1B9FF1F2BCE4BEA0099BD37 /* TCA_demoTests */,
				B1DA84042BC939560009F61D /* Products */,
				B1B9FF2B2BCE4D360099BD37 /* Frameworks */,
			);
			sourceTree = "<group>";
		};
		B1DA84042BC939560009F61D /* Products */ = {
			isa = PBXGroup;
			children = (
				B1DA84032BC939560009F61D /* TCA_demo.app */,
				B1B9FF1E2BCE4BEA0099BD37 /* TCA_demoUITests.xctest */,
			);
			name = Products;
			sourceTree = "<group>";
		};
		B1DA84052BC939560009F61D /* TCA_demo */ = {
			isa = PBXGroup;
			children = (
				B1D77A502BCD339600CBA40F /* TCA-demo-Info.plist */,
				B18EC7002BCD23A300604DA5 /* CounterView.swift */,
				B12F636F2BCF6675005FA342 /* AppFeature.swift */,
				B18EC6FE2BCD21B100604DA5 /* CounterFeature.swift */,
				B1DA84062BC939560009F61D /* TCA_demoApp.swift */,
				B1B9FF302BCE57940099BD37 /* NumberFactClient.swift */,
				B1DA840A2BC939580009F61D /* Assets.xcassets */,
				B1DA840C2BC939580009F61D /* Preview Content */,
			);
			path = TCA_demo;
			sourceTree = "<group>";
		};
		B1DA840C2BC939580009F61D /* Preview Content */ = {
			isa = PBXGroup;
			children = (
				B1DA840D2BC939580009F61D /* Preview Assets.xcassets */,
			);
			path = "Preview Content";
			sourceTree = "<group>";
		};
/* End PBXGroup section */

/* Begin PBXNativeTarget section */
		B1B9FF1D2BCE4BEA0099BD37 /* TCA_demoUITests */ = {
			isa = PBXNativeTarget;
			buildConfigurationList = B1B9FF262BCE4BEA0099BD37 /* Build configuration list for PBXNativeTarget "TCA_demoUITests" */;
			buildPhases = (
				B1B9FF1A2BCE4BEA0099BD37 /* Sources */,
				B1B9FF1B2BCE4BEA0099BD37 /* Frameworks */,
				B1B9FF1C2BCE4BEA0099BD37 /* Resources */,
			);
			buildRules = (
			);
			dependencies = (
				B1B9FF252BCE4BEA0099BD37 /* PBXTargetDependency */,
			);
			name = TCA_demoUITests;
			packageProductDependencies = (
				B1B9FF2C2BCE4D360099BD37 /* ComposableArchitecture */,
			);
			productName = TCA_demoUITests;
			productReference = B1B9FF1E2BCE4BEA0099BD37 /* TCA_demoUITests.xctest */;
			productType = "com.apple.product-type.bundle.ui-testing";
		};
		B1DA84022BC939560009F61D /* TCA_demo */ = {
			isa = PBXNativeTarget;
			buildConfigurationList = B1DA84112BC939580009F61D /* Build configuration list for PBXNativeTarget "TCA_demo" */;
			buildPhases = (
				B1DA83FF2BC939560009F61D /* Sources */,
				B1DA84002BC939560009F61D /* Frameworks */,
				B1DA84012BC939560009F61D /* Resources */,
			);
			buildRules = (
			);
			dependencies = (
			);
			name = TCA_demo;
			packageProductDependencies = (
				B18EC6FC2BCD216E00604DA5 /* ComposableArchitecture */,
			);
			productName = TCA_demo;
			productReference = B1DA84032BC939560009F61D /* TCA_demo.app */;
			productType = "com.apple.product-type.application";
		};
/* End PBXNativeTarget section */

/* Begin PBXProject section */
		B1DA83FB2BC939560009F61D /* Project object */ = {
			isa = PBXProject;
			attributes = {
				BuildIndependentTargetsInParallel = 1;
				LastSwiftUpdateCheck = 1530;
				LastUpgradeCheck = 1530;
				TargetAttributes = {
					B1B9FF1D2BCE4BEA0099BD37 = {
						CreatedOnToolsVersion = 15.3;
						TestTargetID = B1DA84022BC939560009F61D;
					};
					B1DA84022BC939560009F61D = {
						CreatedOnToolsVersion = 15.3;
					};
				};
			};
			buildConfigurationList = B1DA83FE2BC939560009F61D /* Build configuration list for PBXProject "TCA_demo" */;
			compatibilityVersion = "Xcode 14.0";
			developmentRegion = en;
			hasScannedForEncodings = 0;
			knownRegions = (
				en,
				Base,
			);
			mainGroup = B1DA83FA2BC939560009F61D;
			packageReferences = (
				B18EC6FB2BCD216E00604DA5 /* XCRemoteSwiftPackageReference "swift-composable-architecture" */,
			);
			productRefGroup = B1DA84042BC939560009F61D /* Products */;
			projectDirPath = "";
			projectRoot = "";
			targets = (
				B1DA84022BC939560009F61D /* TCA_demo */,
				B1B9FF1D2BCE4BEA0099BD37 /* TCA_demoUITests */,
			);
		};
/* End PBXProject section */

/* Begin PBXResourcesBuildPhase section */
		B1B9FF1C2BCE4BEA0099BD37 /* Resources */ = {
			isa = PBXResourcesBuildPhase;
			buildActionMask = 2147483647;
			files = (
			);
			runOnlyForDeploymentPostprocessing = 0;
		};
		B1DA84012BC939560009F61D /* Resources */ = {
			isa = PBXResourcesBuildPhase;
			buildActionMask = 2147483647;
			files = (
				B1DA840E2BC939580009F61D /* Preview Assets.xcassets in Resources */,
				B1DA840B2BC939580009F61D /* Assets.xcassets in Resources */,
			);
			runOnlyForDeploymentPostprocessing = 0;
		};
/* End PBXResourcesBuildPhase section */

/* Begin PBXSourcesBuildPhase section */
		B1B9FF1A2BCE4BEA0099BD37 /* Sources */ = {
			isa = PBXSourcesBuildPhase;
			buildActionMask = 2147483647;
			files = (
				B11042DF2BD1053700E4C148 /* CounterView.swift in Sources */,
				B11042DE2BD103BF00E4C148 /* AppFeature.swift in Sources */,
				B1B9FF322BCE5B300099BD37 /* NumberFactClient.swift in Sources */,
				B1B9FF2A2BCE4CE20099BD37 /* CounterFeature.swift in Sources */,
				B1B9FF292BCE4BF60099BD37 /* CounterFeatureTests.swift in Sources */,
			);
			runOnlyForDeploymentPostprocessing = 0;
		};
		B1DA83FF2BC939560009F61D /* Sources */ = {
			isa = PBXSourcesBuildPhase;
			buildActionMask = 2147483647;
			files = (
				B18EC6FF2BCD21B100604DA5 /* CounterFeature.swift in Sources */,
				B12F63702BCF6675005FA342 /* AppFeature.swift in Sources */,
				B1DA84072BC939560009F61D /* TCA_demoApp.swift in Sources */,
				B18EC7012BCD23A300604DA5 /* CounterView.swift in Sources */,
				B1B9FF312BCE57940099BD37 /* NumberFactClient.swift in Sources */,
			);
			runOnlyForDeploymentPostprocessing = 0;
		};
/* End PBXSourcesBuildPhase section */

/* Begin PBXTargetDependency section */
		B1B9FF252BCE4BEA0099BD37 /* PBXTargetDependency */ = {
			isa = PBXTargetDependency;
			target = B1DA84022BC939560009F61D /* TCA_demo */;
			targetProxy = B1B9FF242BCE4BEA0099BD37 /* PBXContainerItemProxy */;
		};
/* End PBXTargetDependency section */

/* Begin XCBuildConfiguration section */
		B1B9FF272BCE4BEA0099BD37 /* Debug */ = {
			isa = XCBuildConfiguration;
			buildSettings = {
				CODE_SIGN_STYLE = Automatic;
				CURRENT_PROJECT_VERSION = 1;
				DEVELOPMENT_TEAM = FCKB72E74L;
				GENERATE_INFOPLIST_FILE = YES;
				MARKETING_VERSION = 1.0;
				PRODUCT_BUNDLE_IDENTIFIER = "demo.app.leooo.TCA-demoUITests";
				PRODUCT_NAME = "$(TARGET_NAME)";
				SWIFT_EMIT_LOC_STRINGS = NO;
				SWIFT_VERSION = 5.0;
				TARGETED_DEVICE_FAMILY = "1,2";
				TEST_TARGET_NAME = TCA_demo;
			};
			name = Debug;
		};
		B1B9FF282BCE4BEA0099BD37 /* Release */ = {
			isa = XCBuildConfiguration;
			buildSettings = {
				CODE_SIGN_STYLE = Automatic;
				CURRENT_PROJECT_VERSION = 1;
				DEVELOPMENT_TEAM = FCKB72E74L;
				GENERATE_INFOPLIST_FILE = YES;
				MARKETING_VERSION = 1.0;
				PRODUCT_BUNDLE_IDENTIFIER = "demo.app.leooo.TCA-demoUITests";
				PRODUCT_NAME = "$(TARGET_NAME)";
				SWIFT_EMIT_LOC_STRINGS = NO;
				SWIFT_VERSION = 5.0;
				TARGETED_DEVICE_FAMILY = "1,2";
				TEST_TARGET_NAME = TCA_demo;
			};
			name = Release;
		};
		B1DA840F2BC939580009F61D /* Debug */ = {
			isa = XCBuildConfiguration;
			buildSettings = {
				ALWAYS_SEARCH_USER_PATHS = NO;
				ASSETCATALOG_COMPILER_GENERATE_SWIFT_ASSET_SYMBOL_EXTENSIONS = YES;
				CLANG_ANALYZER_NONNULL = YES;
				CLANG_ANALYZER_NUMBER_OBJECT_CONVERSION = YES_AGGRESSIVE;
				CLANG_CXX_LANGUAGE_STANDARD = "gnu++20";
				CLANG_ENABLE_MODULES = YES;
				CLANG_ENABLE_OBJC_ARC = YES;
				CLANG_ENABLE_OBJC_WEAK = YES;
				CLANG_WARN_BLOCK_CAPTURE_AUTORELEASING = YES;
				CLANG_WARN_BOOL_CONVERSION = YES;
				CLANG_WARN_COMMA = YES;
				CLANG_WARN_CONSTANT_CONVERSION = YES;
				CLANG_WARN_DEPRECATED_OBJC_IMPLEMENTATIONS = YES;
				CLANG_WARN_DIRECT_OBJC_ISA_USAGE = YES_ERROR;
				CLANG_WARN_DOCUMENTATION_COMMENTS = YES;
				CLANG_WARN_EMPTY_BODY = YES;
				CLANG_WARN_ENUM_CONVERSION = YES;
				CLANG_WARN_INFINITE_RECURSION = YES;
				CLANG_WARN_INT_CONVERSION = YES;
				CLANG_WARN_NON_LITERAL_NULL_CONVERSION = YES;
				CLANG_WARN_OBJC_IMPLICIT_RETAIN_SELF = YES;
				CLANG_WARN_OBJC_LITERAL_CONVERSION = YES;
				CLANG_WARN_OBJC_ROOT_CLASS = YES_ERROR;
				CLANG_WARN_QUOTED_INCLUDE_IN_FRAMEWORK_HEADER = YES;
				CLANG_WARN_RANGE_LOOP_ANALYSIS = YES;
				CLANG_WARN_STRICT_PROTOTYPES = YES;
				CLANG_WARN_SUSPICIOUS_MOVE = YES;
				CLANG_WARN_UNGUARDED_AVAILABILITY = YES_AGGRESSIVE;
				CLANG_WARN_UNREACHABLE_CODE = YES;
				CLANG_WARN__DUPLICATE_METHOD_MATCH = YES;
				COPY_PHASE_STRIP = NO;
				DEBUG_INFORMATION_FORMAT = dwarf;
				ENABLE_STRICT_OBJC_MSGSEND = YES;
				ENABLE_TESTABILITY = YES;
				ENABLE_USER_SCRIPT_SANDBOXING = YES;
				GCC_C_LANGUAGE_STANDARD = gnu17;
				GCC_DYNAMIC_NO_PIC = NO;
				GCC_NO_COMMON_BLOCKS = YES;
				GCC_OPTIMIZATION_LEVEL = 0;
				GCC_PREPROCESSOR_DEFINITIONS = (
					"DEBUG=1",
					"$(inherited)",
				);
				GCC_WARN_64_TO_32_BIT_CONVERSION = YES;
				GCC_WARN_ABOUT_RETURN_TYPE = YES_ERROR;
				GCC_WARN_UNDECLARED_SELECTOR = YES;
				GCC_WARN_UNINITIALIZED_AUTOS = YES_AGGRESSIVE;
				GCC_WARN_UNUSED_FUNCTION = YES;
				GCC_WARN_UNUSED_VARIABLE = YES;
				IPHONEOS_DEPLOYMENT_TARGET = 17.4;
				LOCALIZATION_PREFERS_STRING_CATALOGS = YES;
				MTL_ENABLE_DEBUG_INFO = INCLUDE_SOURCE;
				MTL_FAST_MATH = YES;
				ONLY_ACTIVE_ARCH = YES;
				SDKROOT = iphoneos;
				SWIFT_ACTIVE_COMPILATION_CONDITIONS = "DEBUG $(inherited)";
				SWIFT_OPTIMIZATION_LEVEL = "-Onone";
			};
			name = Debug;
		};
		B1DA84102BC939580009F61D /* Release */ = {
			isa = XCBuildConfiguration;
			buildSettings = {
				ALWAYS_SEARCH_USER_PATHS = NO;
				ASSETCATALOG_COMPILER_GENERATE_SWIFT_ASSET_SYMBOL_EXTENSIONS = YES;
				CLANG_ANALYZER_NONNULL = YES;
				CLANG_ANALYZER_NUMBER_OBJECT_CONVERSION = YES_AGGRESSIVE;
				CLANG_CXX_LANGUAGE_STANDARD = "gnu++20";
				CLANG_ENABLE_MODULES = YES;
				CLANG_ENABLE_OBJC_ARC = YES;
				CLANG_ENABLE_OBJC_WEAK = YES;
				CLANG_WARN_BLOCK_CAPTURE_AUTORELEASING = YES;
				CLANG_WARN_BOOL_CONVERSION = YES;
				CLANG_WARN_COMMA = YES;
				CLANG_WARN_CONSTANT_CONVERSION = YES;
				CLANG_WARN_DEPRECATED_OBJC_IMPLEMENTATIONS = YES;
				CLANG_WARN_DIRECT_OBJC_ISA_USAGE = YES_ERROR;
				CLANG_WARN_DOCUMENTATION_COMMENTS = YES;
				CLANG_WARN_EMPTY_BODY = YES;
				CLANG_WARN_ENUM_CONVERSION = YES;
				CLANG_WARN_INFINITE_RECURSION = YES;
				CLANG_WARN_INT_CONVERSION = YES;
				CLANG_WARN_NON_LITERAL_NULL_CONVERSION = YES;
				CLANG_WARN_OBJC_IMPLICIT_RETAIN_SELF = YES;
				CLANG_WARN_OBJC_LITERAL_CONVERSION = YES;
				CLANG_WARN_OBJC_ROOT_CLASS = YES_ERROR;
				CLANG_WARN_QUOTED_INCLUDE_IN_FRAMEWORK_HEADER = YES;
				CLANG_WARN_RANGE_LOOP_ANALYSIS = YES;
				CLANG_WARN_STRICT_PROTOTYPES = YES;
				CLANG_WARN_SUSPICIOUS_MOVE = YES;
				CLANG_WARN_UNGUARDED_AVAILABILITY = YES_AGGRESSIVE;
				CLANG_WARN_UNREACHABLE_CODE = YES;
				CLANG_WARN__DUPLICATE_METHOD_MATCH = YES;
				COPY_PHASE_STRIP = NO;
				DEBUG_INFORMATION_FORMAT = "dwarf-with-dsym";
				ENABLE_NS_ASSERTIONS = NO;
				ENABLE_STRICT_OBJC_MSGSEND = YES;
				ENABLE_USER_SCRIPT_SANDBOXING = YES;
				GCC_C_LANGUAGE_STANDARD = gnu17;
				GCC_NO_COMMON_BLOCKS = YES;
				GCC_WARN_64_TO_32_BIT_CONVERSION = YES;
				GCC_WARN_ABOUT_RETURN_TYPE = YES_ERROR;
				GCC_WARN_UNDECLARED_SELECTOR = YES;
				GCC_WARN_UNINITIALIZED_AUTOS = YES_AGGRESSIVE;
				GCC_WARN_UNUSED_FUNCTION = YES;
				GCC_WARN_UNUSED_VARIABLE = YES;
				IPHONEOS_DEPLOYMENT_TARGET = 17.4;
				LOCALIZATION_PREFERS_STRING_CATALOGS = YES;
				MTL_ENABLE_DEBUG_INFO = NO;
				MTL_FAST_MATH = YES;
				SDKROOT = iphoneos;
				SWIFT_COMPILATION_MODE = wholemodule;
				VALIDATE_PRODUCT = YES;
			};
			name = Release;
		};
		B1DA84122BC939580009F61D /* Debug */ = {
			isa = XCBuildConfiguration;
			buildSettings = {
				ASSETCATALOG_COMPILER_APPICON_NAME = AppIcon;
				ASSETCATALOG_COMPILER_GLOBAL_ACCENT_COLOR_NAME = AccentColor;
				CODE_SIGN_STYLE = Automatic;
				CURRENT_PROJECT_VERSION = 1;
				DEVELOPMENT_ASSET_PATHS = "\"TCA_demo/Preview Content\"";
				DEVELOPMENT_TEAM = FCKB72E74L;
				ENABLE_PREVIEWS = YES;
				GENERATE_INFOPLIST_FILE = YES;
				INFOPLIST_FILE = "TCA-demo-Info.plist";
				INFOPLIST_KEY_UIApplicationSceneManifest_Generation = YES;
				INFOPLIST_KEY_UIApplicationSupportsIndirectInputEvents = YES;
				INFOPLIST_KEY_UILaunchScreen_Generation = YES;
				INFOPLIST_KEY_UISupportedInterfaceOrientations_iPad = "UIInterfaceOrientationPortrait UIInterfaceOrientationPortraitUpsideDown UIInterfaceOrientationLandscapeLeft UIInterfaceOrientationLandscapeRight";
				INFOPLIST_KEY_UISupportedInterfaceOrientations_iPhone = "UIInterfaceOrientationPortrait UIInterfaceOrientationLandscapeLeft UIInterfaceOrientationLandscapeRight";
				LD_RUNPATH_SEARCH_PATHS = (
					"$(inherited)",
					"@executable_path/Frameworks",
				);
				MARKETING_VERSION = 1.0;
				PRODUCT_BUNDLE_IDENTIFIER = "demo.app.leooo.TCA-demo";
				PRODUCT_NAME = "$(TARGET_NAME)";
				SWIFT_EMIT_LOC_STRINGS = YES;
				SWIFT_VERSION = 5.0;
				TARGETED_DEVICE_FAMILY = "1,2";
			};
			name = Debug;
		};
		B1DA84132BC939580009F61D /* Release */ = {
			isa = XCBuildConfiguration;
			buildSettings = {
				ASSETCATALOG_COMPILER_APPICON_NAME = AppIcon;
				ASSETCATALOG_COMPILER_GLOBAL_ACCENT_COLOR_NAME = AccentColor;
				CODE_SIGN_STYLE = Automatic;
				CURRENT_PROJECT_VERSION = 1;
				DEVELOPMENT_ASSET_PATHS = "\"TCA_demo/Preview Content\"";
				DEVELOPMENT_TEAM = FCKB72E74L;
				ENABLE_PREVIEWS = YES;
				GENERATE_INFOPLIST_FILE = YES;
				INFOPLIST_FILE = "TCA-demo-Info.plist";
				INFOPLIST_KEY_UIApplicationSceneManifest_Generation = YES;
				INFOPLIST_KEY_UIApplicationSupportsIndirectInputEvents = YES;
				INFOPLIST_KEY_UILaunchScreen_Generation = YES;
				INFOPLIST_KEY_UISupportedInterfaceOrientations_iPad = "UIInterfaceOrientationPortrait UIInterfaceOrientationPortraitUpsideDown UIInterfaceOrientationLandscapeLeft UIInterfaceOrientationLandscapeRight";
				INFOPLIST_KEY_UISupportedInterfaceOrientations_iPhone = "UIInterfaceOrientationPortrait UIInterfaceOrientationLandscapeLeft UIInterfaceOrientationLandscapeRight";
				LD_RUNPATH_SEARCH_PATHS = (
					"$(inherited)",
					"@executable_path/Frameworks",
				);
				MARKETING_VERSION = 1.0;
				PRODUCT_BUNDLE_IDENTIFIER = "demo.app.leooo.TCA-demo";
				PRODUCT_NAME = "$(TARGET_NAME)";
				SWIFT_EMIT_LOC_STRINGS = YES;
				SWIFT_VERSION = 5.0;
				TARGETED_DEVICE_FAMILY = "1,2";
			};
			name = Release;
		};
/* End XCBuildConfiguration section */

/* Begin XCConfigurationList section */
		B1B9FF262BCE4BEA0099BD37 /* Build configuration list for PBXNativeTarget "TCA_demoUITests" */ = {
			isa = XCConfigurationList;
			buildConfigurations = (
				B1B9FF272BCE4BEA0099BD37 /* Debug */,
				B1B9FF282BCE4BEA0099BD37 /* Release */,
			);
			defaultConfigurationIsVisible = 0;
			defaultConfigurationName = Release;
		};
		B1DA83FE2BC939560009F61D /* Build configuration list for PBXProject "TCA_demo" */ = {
			isa = XCConfigurationList;
			buildConfigurations = (
				B1DA840F2BC939580009F61D /* Debug */,
				B1DA84102BC939580009F61D /* Release */,
			);
			defaultConfigurationIsVisible = 0;
			defaultConfigurationName = Release;
		};
		B1DA84112BC939580009F61D /* Build configuration list for PBXNativeTarget "TCA_demo" */ = {
			isa = XCConfigurationList;
			buildConfigurations = (
				B1DA84122BC939580009F61D /* Debug */,
				B1DA84132BC939580009F61D /* Release */,
			);
			defaultConfigurationIsVisible = 0;
			defaultConfigurationName = Release;
		};
/* End XCConfigurationList section */

/* Begin XCRemoteSwiftPackageReference section */
		B18EC6FB2BCD216E00604DA5 /* XCRemoteSwiftPackageReference "swift-composable-architecture" */ = {
			isa = XCRemoteSwiftPackageReference;
			repositoryURL = "https://github.com/pointfreeco/swift-composable-architecture";
			requirement = {
				kind = upToNextMajorVersion;
				minimumVersion = 1.9.2;
			};
		};
/* End XCRemoteSwiftPackageReference section */

/* Begin XCSwiftPackageProductDependency section */
		B18EC6FC2BCD216E00604DA5 /* ComposableArchitecture */ = {
			isa = XCSwiftPackageProductDependency;
			package = B18EC6FB2BCD216E00604DA5 /* XCRemoteSwiftPackageReference "swift-composable-architecture" */;
			productName = ComposableArchitecture;
		};
		B1B9FF2C2BCE4D360099BD37 /* ComposableArchitecture */ = {
			isa = XCSwiftPackageProductDependency;
			package = B18EC6FB2BCD216E00604DA5 /* XCRemoteSwiftPackageReference "swift-composable-architecture" */;
			productName = ComposableArchitecture;
		};
/* End XCSwiftPackageProductDependency section */
	};
	rootObject = B1DA83FB2BC939560009F61D /* Project object */;
}
